[tools.node]
version = "22.14.0"
backend = "core:node"

[tools.node.checksums]
"node-v22.14.0-darwin-arm64.tar.gz" = "sha256:e9404633bc02a5162c5c573b1e2490f5fb44648345d64a958b17e325729a5e42"

[tools."npm:pnpm"]
version = "10.8.1"
backend = "npm:pnpm"

[tools.rust]
version = "1.86.0"
backend = "core:rust"
